charm.land/bubbles/v2 v2.2.1 h1:Fq1+qm5hV6GkvzLQDhCBpXXE5tLgvh1PRriCLwSvIQU=
charm.land/bubbles/v2 v2.2.1/go.mod h1:wdMgn+sje1KNXdwFizIWjbf328fIUBxqEmJ/vYPo8yc=
charm.land/bubbletea/v2 v2.0.9 h1:DpJCMWKgzQK8SJv4zbKKFHAI10ymWy/evClPFk0k0f8=
charm.land/bubbletea/v2 v2.0.9/go.mod h1:2SkdgoTXluXJHOUwAoRlRXF/28vklb1rFl6GcgV1/ss=
charm.land/glamour/v2 v2.0.1 h1:xl+r00A4aJWU0z8fgwKd9fQQ4rsphqGUzuEiXZP5n+c=
charm.land/glamour/v2 v2.0.1/go.mod h1:jo9z8XqVKPeEFMVdvCRLGk++RyJ3CdUwgNr7EvXLw3k=
charm.land/lipgloss/v2 v2.0.6 h1:EaGKeuA8FvF+v2BT5VmZd2LoYLaMZJXA5n34th8nCIQ=
charm.land/lipgloss/v2 v2.0.6/go.mod h1:ipDDJNSGa1hlwDtSfW1s2/xR8Vdhbut4PXh2zEKZd0Q=
connectrpc.com/connect v1.20.0 h1:6TNDAB+WeNd2uolWNlYczB5E0KNNaVMNUEx8JEUsPmQ=
connectrpc.com/connect v1.20.0/go.mod h1:A2ygJrukXwWy32vkCAAHNVguZrqZ+jeZ9rGRnGR4dN4=
github.com/BurntSushi/toml v1.6.0 h1:dRaEfpa2VI55EwlIW72hMRHdWouJeRF7TPYhI+AUQjk=
github.com/BurntSushi/toml v1.6.0/go.mod h1:ukJfTF/6rtPPRCnwkur4qwRxa8vTRFBF0uk2lLoLwho=
github.com/MakeNowJust/heredoc v1.0.0 h1:cXCdzVdstXyiTqTvfqk9SDHpKNjxuom+DOlyEeQ4pzQ=
github.com/MakeNowJust/heredoc v1.0.0/go.mod h1:mG5amYoWBHf8vpLOuehzbGGw0EHxpZZ6lCpQ4fNJ8LE=
github.com/alecthomas/assert/v2 v2.11.0 h1:2Q9r3ki8+JYXvGsDyBXwH3LcJ+WK5D0gc5E8vS6K3D0=
github.com/alecthomas/assert/v2 v2.11.0/go.mod h1:Bze95FyfUr7x34QZrjL+XP+0qgp/zg8yS+TtBj1WA3k=
github.com/alecthomas/chroma/v2 v2.20.0 h1:sfIHpxPyR07/Oylvmcai3X/exDlE8+FA820NTz+9sGw=
github.com/alecthomas/chroma/v2 v2.20.0/go.mod h1:e7tViK0xh/Nf4BYHl00ycY6rV7b8iXBksI9E359yNmA=
github.com/alecthomas/repr v0.5.1 h1:E3G4t2QbHTSNpPKBgMTln5KLkZHLOcU7r37J4pXBuIg=
github.com/alecthomas/repr v0.5.1/go.mod h1:Fr0507jx4eOXV7AlPV6AVZLYrLIuIeSOWtW57eE/O/4=
github.com/anthropics/anthropic-sdk-go v1.66.0 h1:/CKwgscn0Pe1q4U8aFInSOt/v06JeMc9Aq4vIlctCFw=
github.com/anthropics/anthropic-sdk-go v1.66.0/go.mod h1:3EfIfmFqxH6rbiLcIP4tPFyXL/IHakx2wDG4OU+TIEI=
github.com/atotto/clipboard v0.1.4 h1:EH0zSVneZPSuFR11BlR9YppQTVDbh5+16AmcJi4g1z4=
github.com/atotto/clipboard v0.1.4/go.mod h1:ZY9tmq7sm5xIbd9bOK4onWV4S6X0u6GY7Vn0Yu86PYI=
github.com/aymanbagabas/go-udiff v0.4.1 h1:OEIrQ8maEeDBXQDoGCbbTTXYJMYRCRO1fnodZ12Gv5o=
github.com/aymanbagabas/go-udiff v0.4.1/go.mod h1:0L9PGwj20lrtmEMeyw4WKJ/TMyDtvAoK9bf2u/mNo3w=
github.com/aymerick/douceur v0.2.0 h1:Mv+mAeH1Q+n9Fr+oyamOlAkUNPWPlA8PPGR0QAaYuPk=
github.com/aymerick/douceur v0.2.0/go.mod h1:wlT5vV2O3h55X9m7iVYN0TBM0NH/MmbLnd30/FjWUq4=
github.com/bahlo/generic-list-go v0.2.0 h1:5sz/EEAK+ls5wF+NeqDpk5+iNdMDXrh3z3nPnH1Wvgk=
github.com/bahlo/generic-list-go v0.2.0/go.mod h1:2KvAjgMlE5NNynlg/5iLrrCCZ2+5xWbdbCW3pNTGyYg=
github.com/beorn7/perks v1.0.1 h1:VlbKKnNfV8bJzeqoa4cOKqO6bYr3WgKZxO8Z16+hsOM=
github.com/beorn7/perks v1.0.1/go.mod h1:G2ZrVWU2WbWT9wwq4/hrbKbnv/1ERSJQ0ibhJ6rlkpw=
github.com/bmatcuk/doublestar/v4 v4.10.0 h1:zU9WiOla1YA122oLM6i4EXvGW62DvKZVxIe6TYWexEs=
github.com/bmatcuk/doublestar/v4 v4.10.0/go.mod h1:xBQ8jztBU6kakFMg+8WGxn0c6z1fTSPVIjEY1Wr7jzc=
github.com/buger/jsonparser v1.1.2 h1:frqHqw7otoVbk5M8LlE/L7HTnIq2v9RX6EJ48i9AxJk=
github.com/buger/jsonparser v1.1.2/go.mod h1:6RYKKt7H4d4+iWqouImQ9R2FZql3VbhNgx27UK13J/0=
github.com/cenkalti/backoff/v5 v5.0.3 h1:ZN+IMa753KfX5hd8vVaMixjnqRZ3y8CuJKRKj1xcsSM=
github.com/cenkalti/backoff/v5 v5.0.3/go.mod h1:rkhZdG3JZukswDf7f0cwqPNk4K0sa+F97BxZthm/crw=
github.com/cespare/xxhash/v2 v2.3.0 h1:UL815xU9SqsFlibzuggzjXhog7bL6oX9BbNZnL2UFvs=
github.com/cespare/xxhash/v2 v2.3.0/go.mod h1:VGX0DQ3Q6kWi7AoAeZDth3/j3BFtOZR5XLFGgcrjCOs=
github.com/charmbracelet/colorprofile v0.4.3 h1:QPa1IWkYI+AOB+fE+mg/5/4HRMZcaXex9t5KX76i20Q=
github.com/charmbracelet/colorprofile v0.4.3/go.mod h1:/zT4BhpD5aGFpqQQqw7a+VtHCzu+zrQtt1zhMt9mR4Q=
github.com/charmbracelet/ultraviolet v0.0.0-20260811164956-006e29f97886 h1:rdnVWKgJpTVXKuKuJyxDJ+NFJdUaUqGvyGy61OcvlbA=
github.com/charmbracelet/ultraviolet v0.0.0-20260811164956-006e29f97886/go.mod h1:nAw0d9PhFp1qdzi2xhQU5YOu5sVpDIHWlaW2Uz/bCro=
github.com/charmbracelet/x/ansi v0.11.8 h1:JMFwp0CgDC2+jcOB162HH5k7I3FVbgFSMMYg7dSPBQQ=
github.com/charmbracelet/x/ansi v0.11.8/go.mod h1:ZNN+3mXny/516oTQPLMPIBeSINvNJJQ8uQXDgbeJxY0=
github.com/charmbracelet/x/exp/golden v0.0.0-20250806222409-83e3a29d542f h1:pk6gmGpCE7F3FcjaOEKYriCvpmIN4+6OS/RD0vm4uIA=
github.com/charmbracelet/x/exp/golden v0.0.0-20250806222409-83e3a29d542f/go.mod h1:IfZAMTHB6XkZSeXUqriemErjAWCCzT0LwjKFYCZyw0I=
github.com/charmbracelet/x/exp/slice v0.0.0-20250327172914-2fdc97757edf h1:rLG0Yb6MQSDKdB52aGX55JT1oi0P0Kuaj7wi1bLUpnI=
github.com/charmbracelet/x/exp/slice v0.0.0-20250327172914-2fdc97757edf/go.mod h1:B3UgsnsBZS/eX42BlaNiJkD1pPOUa+oF1IYC6Yd2CEU=
github.com/charmbracelet/x/term v0.2.2 h1:xVRT/S2ZcKdhhOuSP4t5cLi5o+JxklsoEObBSgfgZRk=
github.com/charmbracelet/x/term v0.2.2/go.mod h1:kF8CY5RddLWrsgVwpw4kAa6TESp6EB5y3uxGLeCqzAI=
github.com/charmbracelet/x/termios v0.1.1 h1:o3Q2bT8eqzGnGPOYheoYS8eEleT5ZVNYNy8JawjaNZY=
github.com/charmbracelet/x/termios v0.1.1/go.mod h1:rB7fnv1TgOPOyyKRJ9o+AsTU/vK5WHJ2ivHeut/Pcwo=
github.com/charmbracelet/x/windows v0.2.2 h1:IofanmuvaxnKHuV04sC0eBy/smG6kIKrWG2/jYn2GuM=
github.com/charmbracelet/x/windows v0.2.2/go.mod h1:/8XtdKZzedat74NQFn0NGlGL4soHB0YQZrETF96h75k=
github.com/clipperhouse/displaywidth v0.11.0 h1:lBc6kY44VFw+TDx4I8opi/EtL9m20WSEFgwIwO+UVM8=
github.com/clipperhouse/displaywidth v0.11.0/go.mod h1:bkrFNkf81G8HyVqmKGxsPufD3JhNl3dSqnGhOoSD/o0=
github.com/clipperhouse/uax29/v2 v2.7.0 h1:+gs4oBZ2gPfVrKPthwbMzWZDaAFPGYK72F0NJv2v7Vk=
github.com/clipperhouse/uax29/v2 v2.7.0/go.mod h1:EFJ2TJMRUaplDxHKj1qAEhCtQPW2tJSwu5BF98AuoVM=
github.com/davecgh/go-spew v1.1.2-0.20180830191138-d8f796af33cc h1:U9qPSI2PIWSS1VwoXQT9A3Wy9MM3WgvqSxFWenqJduM=
github.com/davecgh/go-spew v1.1.2-0.20180830191138-d8f796af33cc/go.mod h1:J7Y8YcW2NihsgmVo/mv3lAwl/skON4iLHjSsI+c5H38=
github.com/dlclark/regexp2 v1.11.5 h1:Q/sSnsKerHeCkc/jSTNq1oCm7KiVgUMZRDUoRu0JQZQ=
github.com/dlclark/regexp2 v1.11.5/go.mod h1:DHkYz0B9wPfa6wondMfaivmHpzrQ3v9q8cnmRbL6yW8=
github.com/dnaeon/go-vcr v1.2.0 h1:zHCHvJYTMh1N7xnV7zf1m1GPBF9Ad0Jk/whtQ1663qI=
github.com/dnaeon/go-vcr v1.2.0/go.mod h1:R4UdLID7HZT3taECzJs4YgbbH6PIGXB6W/sc5OLb6RQ=
github.com/go-logr/logr v1.2.2/go.mod h1:jdQByPbusPIv2/zmleS9BjJVeZ6kBagPoEUsqbVz/1A=
github.com/go-logr/logr v1.4.4 h1:tG4xh9yMsRCAiodLVTxyrkzSZ9+o0L1Kg/+cPVcbP/8=
github.com/go-logr/logr v1.4.4/go.mod h1:9T104GzyrTigFIr8wt5mBrctHMim0Nb2HLGrmQ40KvY=
github.com/go-logr/stdr v1.2.2 h1:hSWxHoqTgW2S2qGc0LTAI563KZ5YKYRhT3MFKZMbjag=
github.com/go-logr/stdr v1.2.2/go.mod h1:mMo/vtBO5dYbehREoey6XUKy/eSumjCCveDpRre4VKE=
github.com/golang-jwt/jwt/v5 v5.3.1 h1:kYf81DTWFe7t+1VvL7eS+jKFVWaUnK9cB1qbwn63YCY=
github.com/golang-jwt/jwt/v5 v5.3.1/go.mod h1:fxCRLWMO43lRc8nhHWY6LGqRcf+1gQWArsqaEUEa5bE=
github.com/golang/protobuf v1.5.4 h1:i7eJL8qZTpSEXOPTxNKhASYpMn+8e5Q6AdndVa1dWek=
github.com/golang/protobuf v1.5.4/go.mod h1:lnTiLA8Wa4RWRcIUkrtSVa5nRhsEGBg48fD6rSs7xps=
github.com/google/go-cmp v0.7.0 h1:wk8382ETsv4JYUZwIsn6YpYiWiBsYLSJiTsyBybVuN8=
github.com/google/go-cmp v0.7.0/go.mod h1:pXiqmnSA92OHEEa9HXL2W4E7lf9JzCmGVUdgjX3N/iU=
github.com/google/jsonschema-go v0.4.3 h1:/DBOLZTfDow7pe2GmaJNhltueGTtDKICi8V8p+DQPd0=
github.com/google/jsonschema-go v0.4.3/go.mod h1:r5quNTdLOYEz95Ru18zA0ydNbBuYoo9tgaYcxEYhJVE=
github.com/google/uuid v1.6.0 h1:NIvaJDMOsjHA8n1jAhLSgzrAzy1Hgr+hNrb57e+94F0=
github.com/google/uuid v1.6.0/go.mod h1:TIyPZe4MgqvfeYDBFedMoGGpEw/LqOeaOT+nhxU+yHo=
github.com/gorilla/css v1.0.1 h1:ntNaBIghp6JmvWnxbZKANoLyuXTPZ4cAMlo6RyhlbO8=
github.com/gorilla/css v1.0.1/go.mod h1:BvnYkspnSzMmwRK+b8/xgNPLiIuNZr6vbZBTPQ2A3b0=
github.com/grafana/agento11y/go v0.17.0 h1:uL7lTKhPk0pTbJTGr/9hmP4NFUUyLhZyyVbQw2VDdk4=
github.com/grafana/agento11y/go v0.17.0/go.mod h1:VLyfdZCWiMawl3Zr9tpk0TuxtssPIuxqEOhhXQyrPNI=
github.com/grpc-ecosystem/grpc-gateway/v2 v2.29.0 h1:5VipnvEpbqr2gA2VbM+nYVbkIF28c5ZQfqCBQ5g2xfk=
github.com/grpc-ecosystem/grpc-gateway/v2 v2.29.0/go.mod h1:Hyl3n6Twe1hvtd9XUXDec4pTvgMSEixRuQKPTMH2bNs=
github.com/hexops/gotextdiff v1.0.3 h1:gitA9+qJrrTCsiCl7+kh75nPqQt1cx4ZkudSTLoUqJM=
github.com/hexops/gotextdiff v1.0.3/go.mod h1:pSWU5MAI3yDq+fZBTazCSJysOMbxWL1BSow5/V2vxeg=
github.com/incantery/mote v0.0.0-20260903051846-6a11f119cc3d h1:4rEoUiW2tUogMPeTJ5F3RCD6gwadZ2seYUN49kshtuM=
github.com/incantery/mote v0.0.0-20260903051846-6a11f119cc3d/go.mod h1:hpr19pnL0sckMXz9CZuz2ONl8hLJOKVDAL7yqZo0/Is=
github.com/incantery/vera/drive v0.0.0-20260902124523-a5d797bb844e h1:r03GAqHVP3XSmo9aPR45UxQsZ8ezQ6vACAjmEpOVT+M=
github.com/incantery/vera/drive v0.0.0-20260902124523-a5d797bb844e/go.mod h1:Gv38TyMudM/6yaFxBn1EscKbGfSx/deU5NMIBB3X62I=
github.com/invopop/jsonschema v0.14.0 h1:MHQqLhvpNUZfw+hM3AZDYK7jxO8FZoQeQM77g8iyZjg=
github.com/invopop/jsonschema v0.14.0/go.mod h1:ygm6C2EaVNMBDPpaPlnOA2pFAxBnxGjFlMZABxm9n2I=
github.com/klauspost/compress v1.19.1 h1:VsB4HPswih7mmZ8WleSFQ75c/Ui1M4trX5oAsJnhSlk=
github.com/klauspost/compress v1.19.1/go.mod h1:cwPg85FWrGar70rWktvGQj8/hthj3wpl0PGDogxkrSQ=
github.com/kr/pretty v0.3.1 h1:flRD4NNwYAUpkphVc1HcthR4KEIFJ65n8Mw5qdRn3LE=
github.com/kr/pretty v0.3.1/go.mod h1:hoEshYVHaxMs3cyo3Yncou5ZscifuDolrwPKZanG3xk=
github.com/kr/text v0.2.0 h1:5Nx0Ya0ZqY2ygV366QzturHI13Jq95ApcVaJBhpS+AY=
github.com/kr/text v0.2.0/go.mod h1:eLer722TekiGuMkidMxC/pM04lWEeraHUUmBw8l2grE=
github.com/kylelemons/godebug v1.1.0 h1:RPNrshWIDI6G2gRW9EHilWtl7Z6Sb1BR0xunSBf0SNc=
github.com/kylelemons/godebug v1.1.0/go.mod h1:9/0rRGxNHcop5bhtWyNeEfOS8JIWk580+fNqagV/RAw=
github.com/lucasb-eyer/go-colorful v1.4.1 h1:1EO+WB73+EH8EVbzlrG3KLAfEypQWVHIBqlTf+2hNss=
github.com/lucasb-eyer/go-colorful v1.4.1/go.mod h1:R4dSotOR9KMtayYi1e77YzuveK+i7ruzyGqttikkLy0=
github.com/mattn/go-runewidth v0.0.27 h1:Feg/Oou5zI/wnpgDF6omIU0OokC9GxLC/WRknhVlIR0=
github.com/mattn/go-runewidth v0.0.27/go.mod h1:3qAiGCV4Koz/yuveO58qUefmUTRm8r0IGEXZ9jeHp/8=
github.com/microcosm-cc/bluemonday v1.0.27 h1:MpEUotklkwCSLeH+Qdx1VJgNqLlpY2KXwXFM08ygZfk=
github.com/microcosm-cc/bluemonday v1.0.27/go.mod h1:jFi9vgW+H7c3V0lb6nR74Ib/DIB5OBs92Dimizgw2cA=
github.com/modelcontextprotocol/go-sdk v1.6.0 h1:PPLS3kn7WtOEnR+Af4X5H96SG0qSab8R/ZQT/HkhPkY=
github.com/modelcontextprotocol/go-sdk v1.6.0/go.mod h1:kzm3kzFL1/+AziGOE0nUs3gvPoNxMCvkxokMkuFapXQ=
github.com/muesli/cancelreader v0.2.2 h1:3I4Kt4BQjOR54NavqnDogx/MIoWBFa0StPA8ELUXHmA=
github.com/muesli/cancelreader v0.2.2/go.mod h1:3XuTXfFS2VjM+HTLZY9Ak0l6eUKfijIfMUZ4EgX0QYo=
github.com/munnerz/goautoneg v0.0.0-20191010083416-a7dc8b61c822 h1:C3w9PqII01/Oq1c1nUAm88MOHcQC9l5mIlSMApZMrHA=
github.com/munnerz/goautoneg v0.0.0-20191010083416-a7dc8b61c822/go.mod h1:+n7T8mK8HuQTcFwEeznm/DIxMOiR9yIdICNftLE1DvQ=
github.com/pb33f/ordered-map/v2 v2.3.1 h1:5319HDO0aw4DA4gzi+zv4FXU9UlSs3xGZ40wcP1nBjY=
github.com/pb33f/ordered-map/v2 v2.3.1/go.mod h1:qxFQgd0PkVUtOMCkTapqotNgzRhMPL7VvaHKbd1HnmQ=
github.com/pmezard/go-difflib v1.0.1-0.20181226105442-5d4384ee4fb2 h1:Jamvg5psRIccs7FGNTlIRMkT8wgtp5eCXdBlqhYGL6U=
github.com/pmezard/go-difflib v1.0.1-0.20181226105442-5d4384ee4fb2/go.mod h1:iKH77koFhYxTK1pcRnkKkqfTogsbg7gZNVY4sRDYZ/4=
github.com/prometheus/client_golang v1.24.1 h1:JnJkREXzWxUdCuPFpIWZiPispT9xVV59uiuyR2bPlnU=
github.com/prometheus/client_golang v1.24.1/go.mod h1:F+oSRECHg4sse5ucfYpYDeIv/hu68Zo0uoHKetWnzcE=
github.com/prometheus/client_model v0.6.2 h1:oBsgwpGs7iVziMvrGhE53c/GrLUsZdHnqNwqPLxwZyk=
github.com/prometheus/client_model v0.6.2/go.mod h1:y3m2F6Gdpfy6Ut/GBsUqTWZqCUvMVzSfMLjcu6wAwpE=
github.com/prometheus/common v0.70.1 h1:1HvjP4D5oL3t8RsPlwxA9onvvStjtIHYE5XuuwOi/PY=
github.com/prometheus/common v0.70.1/go.mod h1:VdFUQDMZK3VLkurFUVhia6uys/0suUp86TJz5qbJRhc=
github.com/prometheus/otlptranslator v1.0.0 h1:s0LJW/iN9dkIH+EnhiD3BlkkP5QVIUVEoIwkU+A6qos=
github.com/prometheus/otlptranslator v1.0.0/go.mod h1:vRYWnXvI6aWGpsdY/mOT/cbeVRBlPWtBNDb7kGR3uKM=
github.com/prometheus/procfs v0.21.1 h1:GljZCt+zSTS+NZq88cyQ1LjZ+RCHp3uVuabBWA5+OJI=
github.com/prometheus/procfs v0.21.1/go.mod h1:aB55Cww9pdSJVHk0hUf0inxWyyjPogFIjmHKYgMKmtY=
github.com/rivo/uniseg v0.4.7 h1:WUdvkW8uEhrYfLC4ZzdpI2ztxP1I582+49Oc5Mq64VQ=
github.com/rivo/uniseg v0.4.7/go.mod h1:FN3SvrM+Zdj16jyLfmOkMNblXMcoc8DfTHruCPUcx88=
github.com/rogpeppe/go-internal v1.14.1 h1:UQB4HGPB6osV0SQTLymcB4TgvyWu6ZyliaW0tI/otEQ=
github.com/rogpeppe/go-internal v1.14.1/go.mod h1:MaRKkUm5W0goXpeCfT7UZI6fk/L7L7so1lCWt35ZSgc=
github.com/segmentio/asm v1.1.3 h1:WM03sfUOENvvKexOLp+pCqgb/WDjsi7EK8gIsICtzhc=
github.com/segmentio/asm v1.1.3/go.mod h1:Ld3L4ZXGNcSLRg4JBsZ3//1+f/TjYl0Mzen/DQy1EJg=
github.com/segmentio/encoding v0.5.4 h1:OW1VRern8Nw6ITAtwSZ7Idrl3MXCFwXHPgqESYfvNt0=
github.com/segmentio/encoding v0.5.4/go.mod h1:HS1ZKa3kSN32ZHVZ7ZLPLXWvOVIiZtyJnO1gPH1sKt0=
github.com/skip2/go-qrcode v0.0.0-20200617195104-da1b6568686e h1:MRM5ITcdelLK2j1vwZ3Je0FKVCfqOLp5zO6trqMLYs0=
github.com/skip2/go-qrcode v0.0.0-20200617195104-da1b6568686e/go.mod h1:XV66xRDqSt+GTGFMVlhk3ULuV0y9ZmzeVGR4mloJI3M=
github.com/standard-webhooks/standard-webhooks/libraries v0.0.1 h1:uOfcYT+3QungH6tIGSVCR/Y3KJmgJiHcojJbMTPDZAI=
github.com/standard-webhooks/standard-webhooks/libraries v0.0.1/go.mod h1:L1MQhA6x4dn9r007T033lsaZMv9EmBAdXyU/+EF40fo=
github.com/stretchr/testify v1.11.1 h1:7s2iGBzp5EwR7/aIZr8ao5+dra3wiQyKjjFuvgVKu7U=
github.com/stretchr/testify v1.11.1/go.mod h1:wZwfW3scLgRK+23gO65QZefKpKQRnfz6sD981Nm4B6U=
github.com/tidwall/gjson v1.14.2/go.mod h1:/wbyibRr2FHMks5tjHJ5F8dMZh3AcwJEMf5vlfC0lxk=
github.com/tidwall/gjson v1.18.0 h1:FIDeeyB800efLX89e5a8Y0BNH+LOngJyGrIWxG2FKQY=
github.com/tidwall/gjson v1.18.0/go.mod h1:/wbyibRr2FHMks5tjHJ5F8dMZh3AcwJEMf5vlfC0lxk=
github.com/tidwall/match v1.1.1 h1:+Ho715JplO36QYgwN9PGYNhgZvoUSc9X2c80KVTi+GA=
github.com/tidwall/match v1.1.1/go.mod h1:eRSPERbgtNPcGhD8UCthc6PmLEQXEWd3PRB5JTxsfmM=
github.com/tidwall/pretty v1.2.0/go.mod h1:ITEVvHYasfjBbM0u2Pg8T2nJnzm8xPwvNhhsoaGGjNU=
github.com/tidwall/pretty v1.2.1 h1:qjsOFOWWQl+N3RsoF5/ssm1pHmJJwhjlSbZ51I6wMl4=
github.com/tidwall/pretty v1.2.1/go.mod h1:ITEVvHYasfjBbM0u2Pg8T2nJnzm8xPwvNhhsoaGGjNU=
github.com/tidwall/sjson v1.2.5 h1:kLy8mja+1c9jlljvWTlSazM7cKDRfJuR/bOJhcY5NcY=
github.com/tidwall/sjson v1.2.5/go.mod h1:Fvgq9kS/6ociJEDnK0Fk1cpYF4FIW6ZF7LAe+6jwd28=
github.com/xo/terminfo v0.0.0-20220910002029-abceb7e1c41e h1:JVG44RsyaB9T2KIHavMF/ppJZNG9ZpyihvCd0w101no=
github.com/xo/terminfo v0.0.0-20220910002029-abceb7e1c41e/go.mod h1:RbqR21r5mrJuqunuUZ/Dhy/avygyECGrLceyNeo4LiM=
github.com/yosida95/uritemplate/v3 v3.0.2 h1:Ed3Oyj9yrmi9087+NczuL5BwkIc4wvTb5zIM+UJPGz4=
github.com/yosida95/uritemplate/v3 v3.0.2/go.mod h1:ILOh0sOhIJR3+L/8afwt/kE++YT040gmv5BQTMR2HP4=
github.com/yuin/goldmark v1.7.13 h1:GPddIs617DnBLFFVJFgpo1aBfe/4xcvMc3SB5t/D0pA=
github.com/yuin/goldmark v1.7.13/go.mod h1:ip/1k0VRfGynBgxOz0yCqHrbZXhcjxyuS66Brc7iBKg=
github.com/yuin/goldmark-emoji v1.0.6 h1:QWfF2FYaXwL74tfGOW5izeiZepUDroDJfWubQI9HTHs=
github.com/yuin/goldmark-emoji v1.0.6/go.mod h1:ukxJDKFpdFb5x0a5HqbdlcKtebh086iJpI31LTKmWuA=
go.opentelemetry.io/auto/sdk v1.2.1 h1:jXsnJ4Lmnqd11kwkBV2LgLoFMZKizbCi5fNZ/ipaZ64=
go.opentelemetry.io/auto/sdk v1.2.1/go.mod h1:KRTj+aOaElaLi+wW1kO/DZRXwkF4C5xPbEe3ZiIhN7Y=
go.opentelemetry.io/contrib/bridges/prometheus v0.70.0 h1:qU2CqTGdlstwoVhu1WfjJJ3z2ntcNjTJO0ksTsFKzPI=
go.opentelemetry.io/contrib/bridges/prometheus v0.70.0/go.mod h1:Ekh3I2XXfhdWkqbRq4PrivJS4BS/se7Er9ZsbK6YEtQ=
go.opentelemetry.io/contrib/exporters/autoexport v0.70.0 h1:wpCLEJ/4RHUadR11UOdznbmyyih5/OPYFcsehAh6PYI=
go.opentelemetry.io/contrib/exporters/autoexport v0.70.0/go.mod h1:x7MbNOwoKV5Hj6uYMXQksHlQdTNOP3hoFPvqWISiu6s=
go.opentelemetry.io/otel v1.45.0 h1:pdrWmLHofpubmArBv1LgFSv1Z0Ie/ppdZzu+kUN5EeU=
go.opentelemetry.io/otel v1.45.0/go.mod h1:XZxIqPapzEYnhNSScF5DIqXhm/rYi0FzCe2XddAwZfQ=
go.opentelemetry.io/otel/exporters/otlp/otlplog/otlploggrpc v0.21.0 h1:WseeVYf5dJZTsyPiyW5L14k5qsSibqXAMTSiFEDiWr0=
go.opentelemetry.io/otel/exporters/otlp/otlplog/otlploggrpc v0.21.0/go.mod h1:SiLZnQS6Qk2eCpvr2CH/XMAOa64TWGXxEZJZCpD2Lmc=
go.opentelemetry.io/otel/exporters/otlp/otlplog/otlploghttp v0.21.0 h1:fvNHGyo3CdRv/DQveXqhqBxnKTDyRaC5sMSQxilX/A0=
go.opentelemetry.io/otel/exporters/otlp/otlplog/otlploghttp v0.21.0/go.mod h1:zyGrjRKL2B/6+Jc/m4/otPoZqV2MY9ZjC/aBraRO7zc=
go.opentelemetry.io/otel/exporters/otlp/otlpmetric/otlpmetricgrpc v1.45.0 h1:klTViGcsvLCd1xN3rZzfZ12NslC/OimbmR+k+A006RI=
go.opentelemetry.io/otel/exporters/otlp/otlpmetric/otlpmetricgrpc v1.45.0/go.mod h1:jRsK04CWmXuY8A0O+wMpSf+t90RHZ53o5Qmxn2PQPfk=
go.opentelemetry.io/otel/exporters/otlp/otlpmetric/otlpmetrichttp v1.45.0 h1:pnxy6c/kvNBWdNNFzqpjuJLm9Hjhgk/Q0nY221rwuk0=
go.opentelemetry.io/otel/exporters/otlp/otlpmetric/otlpmetrichttp v1.45.0/go.mod h1:qw6YsFapotRwoDhXRZvljzaOvCQB7UfnafEJagpN2TA=
go.opentelemetry.io/otel/exporters/otlp/otlptrace v1.45.0 h1:QRefszxJmfPdjXUUm3j6iDzY03mTPXMjqErFqQ67vUg=
go.opentelemetry.io/otel/exporters/otlp/otlptrace v1.45.0/go.mod h1:Tiz03lTBVBrm7eWZBOidzEaYaJa8tjwGUGv6d8mlTyk=
go.opentelemetry.io/otel/exporters/otlp/otlptrace/otlptracegrpc v1.45.0 h1:fG5MCxGz8+2VtrN/WgqSpJFctVz24gpxj8CxkKmc8Ww=
go.opentelemetry.io/otel/exporters/otlp/otlptrace/otlptracegrpc v1.45.0/go.mod h1:BmAYTn+3ysbRe+IU2msxmf5Rx3g6DHvex+tWI3LdhYI=
go.opentelemetry.io/otel/exporters/otlp/otlptrace/otlptracehttp v1.45.0 h1:QBajQ2SrwQijzHyZbQlPsuIzpl/ll8DY6wPWsajeGcI=
go.opentelemetry.io/otel/exporters/otlp/otlptrace/otlptracehttp v1.45.0/go.mod h1:08ZQLjrPLQ6R4kAXvuOvODEer5Yh4CoFvll5qB2BCI8=
go.opentelemetry.io/otel/exporters/prometheus v0.67.0 h1:7IefDa35e6V3NoiqIeLDMDxMFyZDk5qcoC0Ax4cC16E=
go.opentelemetry.io/otel/exporters/prometheus v0.67.0/go.mod h1:nsPI1awTg5Vmg1YrommL2mVarVGlqc4yXOoKAkPRD0c=
go.opentelemetry.io/otel/exporters/stdout/stdoutlog v0.21.0 h1:2lpf4hnrasYIsUyEXwnTZq5lsxrMm4T2Bwb06IctAZQ=
go.opentelemetry.io/otel/exporters/stdout/stdoutlog v0.21.0/go.mod h1:YWOW6h7jwApz9Pl76ie/izUsSPj0s2MdIlpqbPqaf3U=
go.opentelemetry.io/otel/exporters/stdout/stdoutmetric v1.45.0 h1:dm9iyzn6tioYZtwqaiBSU0TSI8Yu/8dTIbfG0+B49DY=
go.opentelemetry.io/otel/exporters/stdout/stdoutmetric v1.45.0/go.mod h1:xAvxYjYK28qvt+yu4BYZ/zMmAjwMXINXD6JiMyeB8iI=
go.opentelemetry.io/otel/exporters/stdout/stdouttrace v1.45.0 h1:lsA/S1bxgdbyFGkTj+3meEdJ6ADVU7QoFstV6MXgE68=
go.opentelemetry.io/otel/exporters/stdout/stdouttrace v1.45.0/go.mod h1:L7u+MirGoB1bjeLH66+xDykF4RC8C3RN7lIFpBiewUo=
go.opentelemetry.io/otel/log v0.21.0 h1:SLsVDGmtyBrdw8/a2Z0bOIxou/+bN4z56GebH7T0LvA=
go.opentelemetry.io/otel/log v0.21.0/go.mod h1:iReetQrZL9Wyg84cCkOoCmqDHS5RCFfyxC7J+r8fn8g=
go.opentelemetry.io/otel/metric v1.45.0 h1:7Eg1uH7CJ5cXv9is6tnBe1FI6rj1nwUdbFypRm3br/M=
go.opentelemetry.io/otel/metric v1.45.0/go.mod h1:HAPbm1nd3p1PmFH7v2dR+6BjXxw+Lq4a2+pndMAm08s=
go.opentelemetry.io/otel/metric/x v0.67.0 h1:PcicCNZFkZ4bXfSooXdo3WN7RBOVOtjVdo1wD358Uns=
go.opentelemetry.io/otel/metric/x v0.67.0/go.mod h1:FBjCWZe6wgcqxcMtjdGiClDKXb2YxxXii0CXftE4QtI=
go.opentelemetry.io/otel/sdk v1.45.0 h1:4VVSMgQ83dUgW2aoX5f6JgLvHwIvzcuLnF9lUdCSpCw=
go.opentelemetry.io/otel/sdk v1.45.0/go.mod h1:Sr40LgXV7DsKMMJMKOhUWOgMWTfAaqvm2kF0g7ilwuA=
go.opentelemetry.io/otel/sdk/log v0.21.0 h1:QsE7XSR0ktQdKmRKGnR+f1ObGF32WG+7MER/P9KgmYc=
go.opentelemetry.io/otel/sdk/log v0.21.0/go.mod h1:m9mApjCoD2/1QuKCAptjv+BrG9WKOvQLVdNx+iBldTo=
go.opentelemetry.io/otel/sdk/log/logtest v0.21.0 h1:X+JBBgKlswCGYsmgL0CnoUUtlE//VB345c84jYAYkdQ=
go.opentelemetry.io/otel/sdk/log/logtest v0.21.0/go.mod h1:HD1575K8e6sIFBBDd5tZB3t9DlMytWXq9FuR+Y4rfjE=
go.opentelemetry.io/otel/sdk/metric v1.45.0 h1:oVFszMfyj1Am6s24Vtc7wBb8BKLcwepJjNEYILuiE3o=
go.opentelemetry.io/otel/sdk/metric v1.45.0/go.mod h1:vUWUxDZvu1WVRj8JA8S0AdhsPrZoDpA2DdZauIh4mDA=
go.opentelemetry.io/otel/trace v1.45.0 h1:l/mP6Uv7oNO7/TblbhpbgMidxhq1uO/rPsikOyVhxag=
go.opentelemetry.io/otel/trace v1.45.0/go.mod h1:qoJJA2xNMnxRrdISU/kLtfUH2wNeQbiv+jhs/CxI8bc=
go.opentelemetry.io/proto/otlp v1.11.0 h1:5rrYs0Ykyj50sdU/JU0x8etU+LubXWb+gED6TbEdMIk=
go.opentelemetry.io/proto/otlp v1.11.0/go.mod h1:SmVizdCOAm3XBtG1g1NnOdhW6jtddT72hLMhv8VwA8E=
go.uber.org/goleak v1.3.0 h1:2K3zAYmnTNqV73imy9J1T3WC+gmCePx2hEGkimedGto=
go.uber.org/goleak v1.3.0/go.mod h1:CoHD4mav9JJNrW/WLlf7HGZPjdw8EucARQHekz1X6bE=
go.yaml.in/yaml/v2 v2.4.4 h1:tuyd0P+2Ont/d6e2rl3be67goVK4R6deVxCUX5vyPaQ=
go.yaml.in/yaml/v2 v2.4.4/go.mod h1:gMZqIpDtDqOfM0uNfy0SkpRhvUryYH0Z6wdMYcacYXQ=
go.yaml.in/yaml/v4 v4.0.0-rc.2 h1:/FrI8D64VSr4HtGIlUtlFMGsm7H7pWTbj6vOLVZcA6s=
go.yaml.in/yaml/v4 v4.0.0-rc.2/go.mod h1:aZqd9kCMsGL7AuUv/m/PvWLdg5sjJsZ4oHDEnfPPfY0=
golang.org/x/exp v0.0.0-20231006140011-7918f672742d h1:jtJma62tbqLibJ5sFQz8bKtEM8rJBtfilJ2qTU199MI=
golang.org/x/exp v0.0.0-20231006140011-7918f672742d/go.mod h1:ldy0pHrwJyGW56pPQzzkH36rKxoZW1tw7ZJpeKx+hdo=
golang.org/x/net v0.57.0 h1:K5+3DljvIuDG9/Jv9rvyMywYNFCQ9RSUY6OOTTkT+tE=
golang.org/x/net v0.57.0/go.mod h1:KpXc8iv+r3XplLAG/f7Jsf9RPszJzdR0f58q9vGOuEU=
golang.org/x/oauth2 v0.36.0 h1:peZ/1z27fi9hUOFCAZaHyrpWG5lwe0RJEEEeH0ThlIs=
golang.org/x/oauth2 v0.36.0/go.mod h1:YDBUJMTkDnJS+A4BP4eZBjCqtokkg1hODuPjwiGPO7Q=
golang.org/x/sync v0.22.0 h1:SZjpbeLmrCk4xhRSZFNZW5gFUeCeFgjekvI/+gfScek=
golang.org/x/sync v0.22.0/go.mod h1:9xrNwdLfx4jkKbNva9FpL6vEN7evnE43NNNJQ2LF3+0=
golang.org/x/sys v0.47.0 h1:o7XGOvZQCADBQQ4Y7VNq2dRWQR7JmOUW8Kxx4ZsNgWs=
golang.org/x/sys v0.47.0/go.mod h1:4GL1E5IUh+htKOUEOaiffhrAeqysfVGipDYzABqnCmw=
golang.org/x/text v0.40.0 h1:Ub2Z6/xjgF1WrYQz2nuITOEegKFtiIy+rieRJ5lHZKs=
golang.org/x/text v0.40.0/go.mod h1:hpnzDAfGV753zIKo+wk3u1bVKCGPbrnF7+7LBF/UHVY=
golang.org/x/tools v0.47.0 h1:7Kn5x/d1svx/PzryTsqeoZN4TZwqeH5pGWjefhLi/1Q=
golang.org/x/tools v0.47.0/go.mod h1:dFHnyTvFWY212G+h7ZY4Vsp/K3U4/7W9TyVaAul8uCA=
gonum.org/v1/gonum v0.17.0 h1:VbpOemQlsSMrYmn7T2OUvQ4dqxQXU+ouZFQsZOx50z4=
gonum.org/v1/gonum v0.17.0/go.mod h1:El3tOrEuMpv2UdMrbNlKEh9vd86bmQ6vqIcDwxEOc1E=
google.golang.org/genproto/googleapis/api v0.0.0-20260803160001-6ac0973c030d h1:FarXi840EJWSHYTN3ERkADbPWjl307+FGrA22KAVjjc=
google.golang.org/genproto/googleapis/api v0.0.0-20260803160001-6ac0973c030d/go.mod h1:K/+WGbmBY7aNW1HDw1fJnKYo10i0DkAX6pows00dLig=
google.golang.org/genproto/googleapis/rpc v0.0.0-20260803160001-6ac0973c030d h1:IL4hdHzcUv2l/gcg98/Rj3FbtE6axwqslOW8SW0C+S0=
google.golang.org/genproto/googleapis/rpc v0.0.0-20260803160001-6ac0973c030d/go.mod h1:4Hqkh8ycfw05ld/3BWL7rJOSfebL2Q+DVDeRgYgxUU8=
google.golang.org/grpc v1.83.0 h1:JeNZEKJFbQxArAMl+hiytHauacDNqJUllNfmIMmpqnQ=
google.golang.org/grpc v1.83.0/go.mod h1:kDyl6SKsiHKt0uylY5gtn5cEjkrIOhQOGDgIc4JGwzQ=
google.golang.org/protobuf v1.36.12 h1:pJOKDDOyeXErUroCihFAd5LQuwXBSpVnKGrj5o/fwxc=
google.golang.org/protobuf v1.36.12/go.mod h1:HTf+CrKn2C3g5S8VImy6tdcUvCska2kB7j23XfzDpco=
gopkg.in/check.v1 v0.0.0-20161208181325-20d25e280405/go.mod h1:Co6ibVJAznAaIkqp8huTwlJQCZ016jof/cbN4VW5Yz0=
gopkg.in/check.v1 v1.0.0-20201130134442-10cb98267c6c h1:Hei/4ADfdWqJk1ZMxUNpqntNwaWcugrBjAiHlqqRiVk=
gopkg.in/check.v1 v1.0.0-20201130134442-10cb98267c6c/go.mod h1:JHkPIbrfpd72SG/EVd6muEfDQjcINNoR0C8j2r3qZ4Q=
gopkg.in/yaml.v2 v2.2.8 h1:obN1ZagJSUGI0Ek/LBmuj4SNLPfIny3KsKFopxRdj10=
gopkg.in/yaml.v2 v2.2.8/go.mod h1:hI93XBmqTisBFMUTm0b8Fm+jr3Dg1NNxqwp+5A1VGuI=
gopkg.in/yaml.v3 v3.0.1 h1:fxVm/GzAzEWqLHuvctI91KS9hhNmmWOoWu0XTYJS7CA=
gopkg.in/yaml.v3 v3.0.1/go.mod h1:K4uyk7z7BCEPqu6E+C64Yfv1cQ7kz7rIZviUmN+EgEM=
